
Microsoft Visual Studio Solution File, Format Version 12.00
# Visual Studio 15
VisualStudioVersion = 15.0.28307.902
MinimumVisualStudioVersion = 10.0.40219.1
Project("{8BC9CEB8-8B4A-11D0-8D11-00A0C91BC942}") = "OpenCV_ver2", "OpenCV_ver2\OpenCV_ver2.vcxproj", "{A3D9ABD9-AF07-448C-A6D1-A7E5DE58D4E9}"
EndProject
Global
	GlobalSection(SolutionConfigurationPlatforms) = preSolution
		Debug|x64 = Debug|x64
		Debug|x86 = Debug|x86
		Release|x64 = Release|x64
		Release|x86 = Release|x86
	EndGlobalSection
	GlobalSection(ProjectConfigurationPlatforms) = postSolution
		{A3D9ABD9-AF07-448C-A6D1-A7E5DE58D4E9}.Debug|x64.ActiveCfg = Debug|x64
		{A3D9ABD9-AF07-448C-A6D1-A7E5DE58D4E9}.Debug|x64.Build.0 = Debug|x64
		{A3D9ABD9-AF07-448C-A6D1-A7E5DE58D4E9}.Debug|x86.ActiveCfg = Debug|Win32
		{A3D9ABD9-AF07-448C-A6D1-A7E5DE58D4E9}.Debug|x86.Build.0 = Debug|Win32
		{A3D9ABD9-AF07-448C-A6D1-A7E5DE58D4E9}.Release|x64.ActiveCfg = Release|x64
		{A3D9ABD9-AF07-448C-A6D1-A7E5DE58D4E9}.Release|x64.Build.0 = Release|x64
		{A3D9ABD9-AF07-448C-A6D1-A7E5DE58D4E9}.Release|x86.ActiveCfg = Release|Win32
		{A3D9ABD9-AF07-448C-A6D1-A7E5DE58D4E9}.Release|x86.Build.0 = Release|Win32
	EndGlobalSection
	GlobalSection(SolutionProperties) = preSolution
		HideSolutionNode = FALSE
	EndGlobalSection
	GlobalSection(ExtensibilityGlobals) = postSolution
		SolutionGuid = {3436AC69-C324-45E8-9995-60CD6A950132}
	EndGlobalSection
EndGlobal
